
Microsoft Visual Studio Solution File, Format Version 12.00
# Visual Studio 15
VisualStudioVersion = 15.0.27428.2037
MinimumVisualStudioVersion = 10.0.40219.1
Project("{FAE04EC0-301F-11D3-BF4B-00C04F79EFBC}") = "MySnake", "MySnake\MySnake.csproj", "{49A82531-7D9C-496E-BB56-343392BDD35C}"
EndProject
Global
	GlobalSection(SolutionConfigurationPlatforms) = preSolution
		Debug|Any CPU = Debug|Any CPU
		Release|Any CPU = Release|Any CPU
	EndGlobalSection
	GlobalSection(ProjectConfigurationPlatforms) = postSolution
		{49A82531-7D9C-496E-BB56-343392BDD35C}.Debug|Any CPU.ActiveCfg = Debug|Any CPU
		{49A82531-7D9C-496E-BB56-343392BDD35C}.Debug|Any CPU.Build.0 = Debug|Any CPU
		{49A82531-7D9C-496E-BB56-343392BDD35C}.Release|Any CPU.ActiveCfg = Release|Any CPU
		{49A82531-7D9C-496E-BB56-343392BDD35C}.Release|Any CPU.Build.0 = Release|Any CPU
	EndGlobalSection
	GlobalSection(SolutionProperties) = preSolution
		HideSolutionNode = FALSE
	EndGlobalSection
	GlobalSection(ExtensibilityGlobals) = postSolution
		SolutionGuid = {228F6E96-FF65-40AD-A181-123D99DDA6A2}
	EndGlobalSection
EndGlobal
